# THIS IS AN AUTOGENERATED FILE. DO NOT EDIT THIS FILE DIRECTLY.
# yarn lockfile v1


now@16.3.1:
  version "16.3.1"
  resolved "https://registry.yarnpkg.com/now/-/now-16.3.1.tgz#e1109145d0e8a4508b3e011f1c2b7047cb8733da"
  integrity sha512-bn+xHUiPRH1YRfe/hSo5WZUskOLX3igL4PTe9gnoLaUoq9ZuBQw5/6A4gG4VvW2HVQLgeRkp2OASfYnjuD+lcQ==
