# THIS IS AN AUTOGENERATED FILE. DO NOT EDIT THIS FILE DIRECTLY.
# yarn lockfile v1


now@15.8.6:
  version "15.8.6"
  resolved "https://registry.yarnpkg.com/now/-/now-15.8.6.tgz#de54964dfeaab3a08de948ab13cf61cbe215cce8"
  integrity sha512-eomBNx5/ln7RABTp0Vqz1IDbeA4XLazokz4lOCB3psMic/5BVRW7IzY7aYDmBtHAfdN0F1UW6NA0hiJOlidyFQ==
