# THIS IS AN AUTOGENERATED FILE. DO NOT EDIT THIS FILE DIRECTLY.
# yarn lockfile v1


now@18.0.0:
  version "18.0.0"
  resolved "https://registry.yarnpkg.com/now/-/now-18.0.0.tgz#e6689205346e354f822b1f5feb2c0d7d570c172f"
  integrity sha512-MVskFV3xH1hMkpTewPCb3p0SQ17hL7EI1Zb+Ij2wYiRV3X0a6G91GdE2vvFlhsK6rhRHKHZnDQkZ0AnkpnfzHA==
